<?xml version="1.0" encoding="utf-8"?>
<Project ToolsVersion="4.0" xmlns="http://schemas.microsoft.com/developer/msbuild/2003">
  <ItemGroup>
    <Filter Include="Source Files">
      <UniqueIdentifier>{4FC737F1-C7A5-4376-A066-2A32D752A2FF}</UniqueIdentifier>
      <Extensions>cpp;c;cc;cxx;c++;cppm;ixx;def;odl;idl;hpj;bat;asm;asmx</Extensions>
    </Filter>
    <Filter Include="Header Files">
      <UniqueIdentifier>{93995380-89BD-4b04-88EB-625FBE52EBFB}</UniqueIdentifier>
      <Extensions>h;hh;hpp;hxx;h++;hm;inl;inc;ipp;xsd</Extensions>
    </Filter>
    <Filter Include="Resource Files">
      <UniqueIdentifier>{67DA6AB6-F800-4c08-8B7A-83BB121AAD01}</UniqueIdentifier>
      <Extensions>rc;ico;cur;bmp;dlg;rc2;rct;bin;rgs;gif;jpg;jpeg;jpe;resx;tiff;tif;png;wav;mfcribbon-ms</Extensions>
    </Filter>
    <Filter Include="Header Files\Inputs">
      <UniqueIdentifier>{07910abf-4bb1-4285-b7ec-88adeaf47c95}</UniqueIdentifier>
    </Filter>
    <Filter Include="Source Files\Inputs">
      <UniqueIdentifier>{063cf752-1cef-4e81-99cf-42ad7f2214d8}</UniqueIdentifier>
    </Filter>
    <Filter Include="Source Files\GameState">
      <UniqueIdentifier>{4724cbf2-c278-4254-b9bb-e58fc0c1e2ef}</UniqueIdentifier>
    </Filter>
    <Filter Include="Header Files\GameState">
      <UniqueIdentifier>{0c27bbda-3d33-402a-9ea9-5bdc1383887b}</UniqueIdentifier>
    </Filter>
    <Filter Include="Source Files\Actors">
      <UniqueIdentifier>{368b3ddf-007f-47f3-9077-845acc6324bc}</UniqueIdentifier>
    </Filter>
    <Filter Include="Header Files\Actors">
      <UniqueIdentifier>{bc28f4c1-386b-4df6-913c-31bd2b848368}</UniqueIdentifier>
    </Filter>
    <Filter Include="Source Files\InGame">
      <UniqueIdentifier>{7d784e10-0a90-47e3-b917-fb86c91a7ff9}</UniqueIdentifier>
    </Filter>
    <Filter Include="Header Files\InGame">
      <UniqueIdentifier>{6f718d49-5bab-4318-a93d-1cd297b35d76}</UniqueIdentifier>
    </Filter>
  </ItemGroup>
  <ItemGroup>
    <ClCompile Include="main.cpp">
      <Filter>Source Files</Filter>
    </ClCompile>
    <ClCompile Include="BaseInput.cpp">
      <Filter>Source Files\Inputs</Filter>
    </ClCompile>
    <ClCompile Include="BaseScreen.cpp">
      <Filter>Source Files</Filter>
    </ClCompile>
    <ClCompile Include="PlayerControl.cpp">
      <Filter>Source Files</Filter>
    </ClCompile>
    <ClCompile Include="GameState.cpp">
      <Filter>Source Files\GameState</Filter>
    </ClCompile>
    <ClCompile Include="Teto.cpp">
      <Filter>Source Files\Actors</Filter>
    </ClCompile>
    <ClCompile Include="Tetromino.cpp">
      <Filter>Source Files\Actors</Filter>
    </ClCompile>
    <ClCompile Include="Tetrisbox.cpp">
      <Filter>Source Files\InGame</Filter>
    </ClCompile>
    <ClCompile Include="Header.h">
      <Filter>Header Files</Filter>
    </ClCompile>
    <ClCompile Include="TetromioShapes.cpp">
      <Filter>Source Files\Actors</Filter>
    </ClCompile>
    <ClCompile Include="Timer.cpp">
      <Filter>Source Files</Filter>
    </ClCompile>
  </ItemGroup>
  <ItemGroup>
    <ClInclude Include="BaseInput.h">
      <Filter>Header Files\Inputs</Filter>
    </ClInclude>
    <ClInclude Include="BaseScreen.h">
      <Filter>Header Files</Filter>
    </ClInclude>
    <ClInclude Include="PlayerControl.h">
      <Filter>Header Files</Filter>
    </ClInclude>
    <ClInclude Include="GameState.h">
      <Filter>Header Files\GameState</Filter>
    </ClInclude>
    <ClInclude Include="Teto.h">
      <Filter>Header Files\Actors</Filter>
    </ClInclude>
    <ClInclude Include="Tetromino.h">
      <Filter>Header Files\Actors</Filter>
    </ClInclude>
    <ClInclude Include="Tetrisbox.h">
      <Filter>Header Files\InGame</Filter>
    </ClInclude>
    <ClInclude Include="TetromioShapes.h">
      <Filter>Header Files\Actors</Filter>
    </ClInclude>
    <ClInclude Include="Timer.h">
      <Filter>Header Files</Filter>
    </ClInclude>
  </ItemGroup>
</Project>